
Microsoft Visual Studio Solution File, Format Version 12.00
# Visual Studio 15
VisualStudioVersion = 15.0.27130.2010
MinimumVisualStudioVersion = 10.0.40219.1
Project("{FAE04EC0-301F-11D3-BF4B-00C04F79EFBC}") = "GoodGameDeals", "GoodGameDeals\GoodGameDeals.csproj", "{B77CF299-B0CC-48DE-8E1F-4800F28B7A07}"
EndProject
Project("{FAE04EC0-301F-11D3-BF4B-00C04F79EFBC}") = "GoodGameDeals.Core", "GoodGameDeals.Core\GoodGameDeals.Core.csproj", "{B1E029E1-5149-4EE8-ACBF-AAA5DDA7A2EF}"
EndProject
Project("{FAE04EC0-301F-11D3-BF4B-00C04F79EFBC}") = "GoodGameDeals.Core.Tests", "GoodGameDeals.Core.Tests\GoodGameDeals.Core.Tests.csproj", "{310AD961-951E-4D05-AB97-7BC8AF547005}"
EndProject
Project("{FAE04EC0-301F-11D3-BF4B-00C04F79EFBC}") = "GoodGameDeals.Test", "GoodGameDeals.Test\GoodGameDeals.Test.csproj", "{2B72CB3F-0F13-4785-ACB5-756595D1D289}"
EndProject
Project("{FAE04EC0-301F-11D3-BF4B-00C04F79EFBC}") = "GoodGameDeals.Threading", "GoodGameDeals.Threading\GoodGameDeals.Threading.csproj", "{579AFC45-584F-4ED2-BD77-E88B97C9CEE9}"
EndProject
Global
	GlobalSection(SolutionConfigurationPlatforms) = preSolution
		Debug|Any CPU = Debug|Any CPU
		Debug|ARM = Debug|ARM
		Debug|x64 = Debug|x64
		Debug|x86 = Debug|x86
		Release|Any CPU = Release|Any CPU
		Release|ARM = Release|ARM
		Release|x64 = Release|x64
		Release|x86 = Release|x86
	EndGlobalSection
	GlobalSection(ProjectConfigurationPlatforms) = postSolution
		{B77CF299-B0CC-48DE-8E1F-4800F28B7A07}.Debug|Any CPU.ActiveCfg = Debug|x86
		{B77CF299-B0CC-48DE-8E1F-4800F28B7A07}.Debug|ARM.ActiveCfg = Debug|ARM
		{B77CF299-B0CC-48DE-8E1F-4800F28B7A07}.Debug|ARM.Build.0 = Debug|ARM
		{B77CF299-B0CC-48DE-8E1F-4800F28B7A07}.Debug|ARM.Deploy.0 = Debug|ARM
		{B77CF299-B0CC-48DE-8E1F-4800F28B7A07}.Debug|x64.ActiveCfg = Debug|x64
		{B77CF299-B0CC-48DE-8E1F-4800F28B7A07}.Debug|x64.Build.0 = Debug|x64
		{B77CF299-B0CC-48DE-8E1F-4800F28B7A07}.Debug|x64.Deploy.0 = Debug|x64
		{B77CF299-B0CC-48DE-8E1F-4800F28B7A07}.Debug|x86.ActiveCfg = Debug|x86
		{B77CF299-B0CC-48DE-8E1F-4800F28B7A07}.Debug|x86.Build.0 = Debug|x86
		{B77CF299-B0CC-48DE-8E1F-4800F28B7A07}.Debug|x86.Deploy.0 = Debug|x86
		{B77CF299-B0CC-48DE-8E1F-4800F28B7A07}.Release|Any CPU.ActiveCfg = Release|x86
		{B77CF299-B0CC-48DE-8E1F-4800F28B7A07}.Release|ARM.ActiveCfg = Release|ARM
		{B77CF299-B0CC-48DE-8E1F-4800F28B7A07}.Release|ARM.Build.0 = Release|ARM
		{B77CF299-B0CC-48DE-8E1F-4800F28B7A07}.Release|ARM.Deploy.0 = Release|ARM
		{B77CF299-B0CC-48DE-8E1F-4800F28B7A07}.Release|x64.ActiveCfg = Release|x64
		{B77CF299-B0CC-48DE-8E1F-4800F28B7A07}.Release|x64.Build.0 = Release|x64
		{B77CF299-B0CC-48DE-8E1F-4800F28B7A07}.Release|x64.Deploy.0 = Release|x64
		{B77CF299-B0CC-48DE-8E1F-4800F28B7A07}.Release|x86.ActiveCfg = Release|x86
		{B77CF299-B0CC-48DE-8E1F-4800F28B7A07}.Release|x86.Build.0 = Release|x86
		{B77CF299-B0CC-48DE-8E1F-4800F28B7A07}.Release|x86.Deploy.0 = Release|x86
		{B1E029E1-5149-4EE8-ACBF-AAA5DDA7A2EF}.Debug|Any CPU.ActiveCfg = Debug|Any CPU
		{B1E029E1-5149-4EE8-ACBF-AAA5DDA7A2EF}.Debug|Any CPU.Build.0 = Debug|Any CPU
		{B1E029E1-5149-4EE8-ACBF-AAA5DDA7A2EF}.Debug|ARM.ActiveCfg = Debug|ARM
		{B1E029E1-5149-4EE8-ACBF-AAA5DDA7A2EF}.Debug|ARM.Build.0 = Debug|ARM
		{B1E029E1-5149-4EE8-ACBF-AAA5DDA7A2EF}.Debug|x64.ActiveCfg = Debug|x64
		{B1E029E1-5149-4EE8-ACBF-AAA5DDA7A2EF}.Debug|x64.Build.0 = Debug|x64
		{B1E029E1-5149-4EE8-ACBF-AAA5DDA7A2EF}.Debug|x86.ActiveCfg = Debug|x86
		{B1E029E1-5149-4EE8-ACBF-AAA5DDA7A2EF}.Debug|x86.Build.0 = Debug|x86
		{B1E029E1-5149-4EE8-ACBF-AAA5DDA7A2EF}.Release|Any CPU.ActiveCfg = Release|Any CPU
		{B1E029E1-5149-4EE8-ACBF-AAA5DDA7A2EF}.Release|Any CPU.Build.0 = Release|Any CPU
		{B1E029E1-5149-4EE8-ACBF-AAA5DDA7A2EF}.Release|ARM.ActiveCfg = Release|ARM
		{B1E029E1-5149-4EE8-ACBF-AAA5DDA7A2EF}.Release|ARM.Build.0 = Release|ARM
		{B1E029E1-5149-4EE8-ACBF-AAA5DDA7A2EF}.Release|x64.ActiveCfg = Release|x64
		{B1E029E1-5149-4EE8-ACBF-AAA5DDA7A2EF}.Release|x64.Build.0 = Release|x64
		{B1E029E1-5149-4EE8-ACBF-AAA5DDA7A2EF}.Release|x86.ActiveCfg = Release|x86
		{B1E029E1-5149-4EE8-ACBF-AAA5DDA7A2EF}.Release|x86.Build.0 = Release|x86
		{310AD961-951E-4D05-AB97-7BC8AF547005}.Debug|Any CPU.ActiveCfg = Debug|x86
		{310AD961-951E-4D05-AB97-7BC8AF547005}.Debug|ARM.ActiveCfg = Debug|ARM
		{310AD961-951E-4D05-AB97-7BC8AF547005}.Debug|ARM.Build.0 = Debug|ARM
		{310AD961-951E-4D05-AB97-7BC8AF547005}.Debug|ARM.Deploy.0 = Debug|ARM
		{310AD961-951E-4D05-AB97-7BC8AF547005}.Debug|x64.ActiveCfg = Debug|x64
		{310AD961-951E-4D05-AB97-7BC8AF547005}.Debug|x64.Build.0 = Debug|x64
		{310AD961-951E-4D05-AB97-7BC8AF547005}.Debug|x64.Deploy.0 = Debug|x64
		{310AD961-951E-4D05-AB97-7BC8AF547005}.Debug|x86.ActiveCfg = Debug|x86
		{310AD961-951E-4D05-AB97-7BC8AF547005}.Debug|x86.Build.0 = Debug|x86
		{310AD961-951E-4D05-AB97-7BC8AF547005}.Debug|x86.Deploy.0 = Debug|x86
		{310AD961-951E-4D05-AB97-7BC8AF547005}.Release|Any CPU.ActiveCfg = Release|x86
		{310AD961-951E-4D05-AB97-7BC8AF547005}.Release|ARM.ActiveCfg = Release|ARM
		{310AD961-951E-4D05-AB97-7BC8AF547005}.Release|ARM.Build.0 = Release|ARM
		{310AD961-951E-4D05-AB97-7BC8AF547005}.Release|ARM.Deploy.0 = Release|ARM
		{310AD961-951E-4D05-AB97-7BC8AF547005}.Release|x64.ActiveCfg = Release|x64
		{310AD961-951E-4D05-AB97-7BC8AF547005}.Release|x64.Build.0 = Release|x64
		{310AD961-951E-4D05-AB97-7BC8AF547005}.Release|x64.Deploy.0 = Release|x64
		{310AD961-951E-4D05-AB97-7BC8AF547005}.Release|x86.ActiveCfg = Release|x86
		{310AD961-951E-4D05-AB97-7BC8AF547005}.Release|x86.Build.0 = Release|x86
		{310AD961-951E-4D05-AB97-7BC8AF547005}.Release|x86.Deploy.0 = Release|x86
		{2B72CB3F-0F13-4785-ACB5-756595D1D289}.Debug|Any CPU.ActiveCfg = Debug|x86
		{2B72CB3F-0F13-4785-ACB5-756595D1D289}.Debug|ARM.ActiveCfg = Debug|ARM
		{2B72CB3F-0F13-4785-ACB5-756595D1D289}.Debug|ARM.Build.0 = Debug|ARM
		{2B72CB3F-0F13-4785-ACB5-756595D1D289}.Debug|ARM.Deploy.0 = Debug|ARM
		{2B72CB3F-0F13-4785-ACB5-756595D1D289}.Debug|x64.ActiveCfg = Debug|x64
		{2B72CB3F-0F13-4785-ACB5-756595D1D289}.Debug|x64.Build.0 = Debug|x64
		{2B72CB3F-0F13-4785-ACB5-756595D1D289}.Debug|x64.Deploy.0 = Debug|x64
		{2B72CB3F-0F13-4785-ACB5-756595D1D289}.Debug|x86.ActiveCfg = Debug|x86
		{2B72CB3F-0F13-4785-ACB5-756595D1D289}.Debug|x86.Build.0 = Debug|x86
		{2B72CB3F-0F13-4785-ACB5-756595D1D289}.Debug|x86.Deploy.0 = Debug|x86
		{2B72CB3F-0F13-4785-ACB5-756595D1D289}.Release|Any CPU.ActiveCfg = Release|x86
		{2B72CB3F-0F13-4785-ACB5-756595D1D289}.Release|ARM.ActiveCfg = Release|ARM
		{2B72CB3F-0F13-4785-ACB5-756595D1D289}.Release|ARM.Build.0 = Release|ARM
		{2B72CB3F-0F13-4785-ACB5-756595D1D289}.Release|ARM.Deploy.0 = Release|ARM
		{2B72CB3F-0F13-4785-ACB5-756595D1D289}.Release|x64.ActiveCfg = Release|x64
		{2B72CB3F-0F13-4785-ACB5-756595D1D289}.Release|x64.Build.0 = Release|x64
		{2B72CB3F-0F13-4785-ACB5-756595D1D289}.Release|x64.Deploy.0 = Release|x64
		{2B72CB3F-0F13-4785-ACB5-756595D1D289}.Release|x86.ActiveCfg = Release|x86
		{2B72CB3F-0F13-4785-ACB5-756595D1D289}.Release|x86.Build.0 = Release|x86
		{2B72CB3F-0F13-4785-ACB5-756595D1D289}.Release|x86.Deploy.0 = Release|x86
		{579AFC45-584F-4ED2-BD77-E88B97C9CEE9}.Debug|Any CPU.ActiveCfg = Debug|Any CPU
		{579AFC45-584F-4ED2-BD77-E88B97C9CEE9}.Debug|Any CPU.Build.0 = Debug|Any CPU
		{579AFC45-584F-4ED2-BD77-E88B97C9CEE9}.Debug|ARM.ActiveCfg = Debug|ARM
		{579AFC45-584F-4ED2-BD77-E88B97C9CEE9}.Debug|ARM.Build.0 = Debug|ARM
		{579AFC45-584F-4ED2-BD77-E88B97C9CEE9}.Debug|x64.ActiveCfg = Debug|x64
		{579AFC45-584F-4ED2-BD77-E88B97C9CEE9}.Debug|x64.Build.0 = Debug|x64
		{579AFC45-584F-4ED2-BD77-E88B97C9CEE9}.Debug|x86.ActiveCfg = Debug|x86
		{579AFC45-584F-4ED2-BD77-E88B97C9CEE9}.Debug|x86.Build.0 = Debug|x86
		{579AFC45-584F-4ED2-BD77-E88B97C9CEE9}.Release|Any CPU.ActiveCfg = Release|Any CPU
		{579AFC45-584F-4ED2-BD77-E88B97C9CEE9}.Release|Any CPU.Build.0 = Release|Any CPU
		{579AFC45-584F-4ED2-BD77-E88B97C9CEE9}.Release|ARM.ActiveCfg = Release|ARM
		{579AFC45-584F-4ED2-BD77-E88B97C9CEE9}.Release|ARM.Build.0 = Release|ARM
		{579AFC45-584F-4ED2-BD77-E88B97C9CEE9}.Release|x64.ActiveCfg = Release|x64
		{579AFC45-584F-4ED2-BD77-E88B97C9CEE9}.Release|x64.Build.0 = Release|x64
		{579AFC45-584F-4ED2-BD77-E88B97C9CEE9}.Release|x86.ActiveCfg = Release|x86
		{579AFC45-584F-4ED2-BD77-E88B97C9CEE9}.Release|x86.Build.0 = Release|x86
	EndGlobalSection
	GlobalSection(SolutionProperties) = preSolution
		HideSolutionNode = FALSE
	EndGlobalSection
	GlobalSection(ExtensibilityGlobals) = postSolution
		SolutionGuid = {759D7291-725D-4051-B6CB-A78F28773462}
	EndGlobalSection
EndGlobal
